
Microsoft Visual Studio Solution File, Format Version 12.00
# Visual Studio 14
VisualStudioVersion = 14.0.25420.1
MinimumVisualStudioVersion = 10.0.40219.1
Project("{FAE04EC0-301F-11D3-BF4B-00C04F79EFBC}") = "BaslerCamTest", "BaslerCamTest\BaslerCamTest.csproj", "{AF7FAE23-4390-4BD7-87DE-12C4F294EFF7}"
EndProject
Project("{FAE04EC0-301F-11D3-BF4B-00C04F79EFBC}") = "GrabImageTest", "GrabImageTest\GrabImageTest.csproj", "{7A167679-4BCF-443D-BC55-7A60223DA4FE}"
EndProject
Global
	GlobalSection(SolutionConfigurationPlatforms) = preSolution
		Debug|Any CPU = Debug|Any CPU
		Debug|x64 = Debug|x64
		Release|Any CPU = Release|Any CPU
		Release|x64 = Release|x64
	EndGlobalSection
	GlobalSection(ProjectConfigurationPlatforms) = postSolution
		{AF7FAE23-4390-4BD7-87DE-12C4F294EFF7}.Debug|Any CPU.ActiveCfg = Debug|Any CPU
		{AF7FAE23-4390-4BD7-87DE-12C4F294EFF7}.Debug|Any CPU.Build.0 = Debug|Any CPU
		{AF7FAE23-4390-4BD7-87DE-12C4F294EFF7}.Debug|x64.ActiveCfg = Debug|x64
		{AF7FAE23-4390-4BD7-87DE-12C4F294EFF7}.Debug|x64.Build.0 = Debug|x64
		{AF7FAE23-4390-4BD7-87DE-12C4F294EFF7}.Release|Any CPU.ActiveCfg = Release|Any CPU
		{AF7FAE23-4390-4BD7-87DE-12C4F294EFF7}.Release|Any CPU.Build.0 = Release|Any CPU
		{AF7FAE23-4390-4BD7-87DE-12C4F294EFF7}.Release|x64.ActiveCfg = Release|x64
		{AF7FAE23-4390-4BD7-87DE-12C4F294EFF7}.Release|x64.Build.0 = Release|x64
		{7A167679-4BCF-443D-BC55-7A60223DA4FE}.Debug|Any CPU.ActiveCfg = Debug|Any CPU
		{7A167679-4BCF-443D-BC55-7A60223DA4FE}.Debug|Any CPU.Build.0 = Debug|Any CPU
		{7A167679-4BCF-443D-BC55-7A60223DA4FE}.Debug|x64.ActiveCfg = Debug|x64
		{7A167679-4BCF-443D-BC55-7A60223DA4FE}.Debug|x64.Build.0 = Debug|x64
		{7A167679-4BCF-443D-BC55-7A60223DA4FE}.Release|Any CPU.ActiveCfg = Release|Any CPU
		{7A167679-4BCF-443D-BC55-7A60223DA4FE}.Release|Any CPU.Build.0 = Release|Any CPU
		{7A167679-4BCF-443D-BC55-7A60223DA4FE}.Release|x64.ActiveCfg = Release|x64
		{7A167679-4BCF-443D-BC55-7A60223DA4FE}.Release|x64.Build.0 = Release|x64
	EndGlobalSection
	GlobalSection(SolutionProperties) = preSolution
		HideSolutionNode = FALSE
	EndGlobalSection
EndGlobal
